
Microsoft Visual Studio Solution File, Format Version 12.00
# Visual Studio Version 17
VisualStudioVersion = 17.5.33502.453
MinimumVisualStudioVersion = 10.0.40219.1
Project("{FAE04EC0-301F-11D3-BF4B-00C04F79EFBC}") = "Lista6ex3", "Lista6ex3\Lista6ex3.csproj", "{9DCBAAA2-B5DA-4D24-9E5A-5203BD1DDFD6}"
EndProject
Global
	GlobalSection(SolutionConfigurationPlatforms) = preSolution
		Debug|Any CPU = Debug|Any CPU
		Release|Any CPU = Release|Any CPU
	EndGlobalSection
	GlobalSection(ProjectConfigurationPlatforms) = postSolution
		{9DCBAAA2-B5DA-4D24-9E5A-5203BD1DDFD6}.Debug|Any CPU.ActiveCfg = Debug|Any CPU
		{9DCBAAA2-B5DA-4D24-9E5A-5203BD1DDFD6}.Debug|Any CPU.Build.0 = Debug|Any CPU
		{9DCBAAA2-B5DA-4D24-9E5A-5203BD1DDFD6}.Release|Any CPU.ActiveCfg = Release|Any CPU
		{9DCBAAA2-B5DA-4D24-9E5A-5203BD1DDFD6}.Release|Any CPU.Build.0 = Release|Any CPU
	EndGlobalSection
	GlobalSection(SolutionProperties) = preSolution
		HideSolutionNode = FALSE
	EndGlobalSection
	GlobalSection(ExtensibilityGlobals) = postSolution
		SolutionGuid = {EDCAE1A6-17FF-44D3-81F0-0FC5EBEFAC67}
	EndGlobalSection
EndGlobal
