
Microsoft Visual Studio Solution File, Format Version 12.00
# Visual Studio Version 17
VisualStudioVersion = 17.5.33502.453
MinimumVisualStudioVersion = 10.0.40219.1
Project("{FAE04EC0-301F-11D3-BF4B-00C04F79EFBC}") = "Lista6ex1", "Lista6ex1\Lista6ex1.csproj", "{969C2DC7-9E38-49DE-895B-341DEC518DFA}"
EndProject
Global
	GlobalSection(SolutionConfigurationPlatforms) = preSolution
		Debug|Any CPU = Debug|Any CPU
		Release|Any CPU = Release|Any CPU
	EndGlobalSection
	GlobalSection(ProjectConfigurationPlatforms) = postSolution
		{969C2DC7-9E38-49DE-895B-341DEC518DFA}.Debug|Any CPU.ActiveCfg = Debug|Any CPU
		{969C2DC7-9E38-49DE-895B-341DEC518DFA}.Debug|Any CPU.Build.0 = Debug|Any CPU
		{969C2DC7-9E38-49DE-895B-341DEC518DFA}.Release|Any CPU.ActiveCfg = Release|Any CPU
		{969C2DC7-9E38-49DE-895B-341DEC518DFA}.Release|Any CPU.Build.0 = Release|Any CPU
	EndGlobalSection
	GlobalSection(SolutionProperties) = preSolution
		HideSolutionNode = FALSE
	EndGlobalSection
	GlobalSection(ExtensibilityGlobals) = postSolution
		SolutionGuid = {DAD75E87-96F2-46C9-A312-B045EC9775A5}
	EndGlobalSection
EndGlobal
